
Microsoft Visual Studio Solution File, Format Version 12.00
# Visual Studio Version 17
VisualStudioVersion = 17.7.34009.444
MinimumVisualStudioVersion = 10.0.40219.1
Project("{FAE04EC0-301F-11D3-BF4B-00C04F79EFBC}") = "LpakBL", "LpakBL\LpakBL.csproj", "{FEC55B87-0DBB-40D2-854F-45C0291819A5}"
EndProject
Project("{FAE04EC0-301F-11D3-BF4B-00C04F79EFBC}") = "LpakBLTests", "LpakBLTests\LpakBLTests.csproj", "{8686B9CA-94D1-4347-92DB-D6DB09558BF5}"
EndProject
Project("{FAE04EC0-301F-11D3-BF4B-00C04F79EFBC}") = "LpakViewClient", "LpakViewClient\LpakViewClient.csproj", "{31FC3785-3FEC-4ADB-B5FE-E93385315504}"
EndProject
Global
	GlobalSection(SolutionConfigurationPlatforms) = preSolution
		Debug|Any CPU = Debug|Any CPU
		Release|Any CPU = Release|Any CPU
	EndGlobalSection
	GlobalSection(ProjectConfigurationPlatforms) = postSolution
		{FEC55B87-0DBB-40D2-854F-45C0291819A5}.Debug|Any CPU.ActiveCfg = Debug|Any CPU
		{FEC55B87-0DBB-40D2-854F-45C0291819A5}.Debug|Any CPU.Build.0 = Debug|Any CPU
		{FEC55B87-0DBB-40D2-854F-45C0291819A5}.Release|Any CPU.ActiveCfg = Release|Any CPU
		{FEC55B87-0DBB-40D2-854F-45C0291819A5}.Release|Any CPU.Build.0 = Release|Any CPU
		{8686B9CA-94D1-4347-92DB-D6DB09558BF5}.Debug|Any CPU.ActiveCfg = Debug|Any CPU
		{8686B9CA-94D1-4347-92DB-D6DB09558BF5}.Debug|Any CPU.Build.0 = Debug|Any CPU
		{8686B9CA-94D1-4347-92DB-D6DB09558BF5}.Release|Any CPU.ActiveCfg = Release|Any CPU
		{8686B9CA-94D1-4347-92DB-D6DB09558BF5}.Release|Any CPU.Build.0 = Release|Any CPU
		{31FC3785-3FEC-4ADB-B5FE-E93385315504}.Debug|Any CPU.ActiveCfg = Debug|Any CPU
		{31FC3785-3FEC-4ADB-B5FE-E93385315504}.Debug|Any CPU.Build.0 = Debug|Any CPU
		{31FC3785-3FEC-4ADB-B5FE-E93385315504}.Release|Any CPU.ActiveCfg = Release|Any CPU
		{31FC3785-3FEC-4ADB-B5FE-E93385315504}.Release|Any CPU.Build.0 = Release|Any CPU
	EndGlobalSection
	GlobalSection(SolutionProperties) = preSolution
		HideSolutionNode = FALSE
	EndGlobalSection
	GlobalSection(ExtensibilityGlobals) = postSolution
		SolutionGuid = {FE4C3016-552A-4A60-B5D1-1AE15852C143}
	EndGlobalSection
EndGlobal
